
Microsoft Visual Studio Solution File, Format Version 12.00
# Visual Studio Version 16
VisualStudioVersion = 16.0.31112.23
MinimumVisualStudioVersion = 10.0.40219.1
Project("{F2A71F9B-5D33-465A-A702-920D77279786}") = "FsharpTest", "FsharpTest\FsharpTest.fsproj", "{D9560B75-7250-41F9-9821-52F7CAC555D1}"
EndProject
Global
	GlobalSection(SolutionConfigurationPlatforms) = preSolution
		Debug|Any CPU = Debug|Any CPU
		Release|Any CPU = Release|Any CPU
	EndGlobalSection
	GlobalSection(ProjectConfigurationPlatforms) = postSolution
		{D9560B75-7250-41F9-9821-52F7CAC555D1}.Debug|Any CPU.ActiveCfg = Debug|Any CPU
		{D9560B75-7250-41F9-9821-52F7CAC555D1}.Debug|Any CPU.Build.0 = Debug|Any CPU
		{D9560B75-7250-41F9-9821-52F7CAC555D1}.Release|Any CPU.ActiveCfg = Release|Any CPU
		{D9560B75-7250-41F9-9821-52F7CAC555D1}.Release|Any CPU.Build.0 = Release|Any CPU
	EndGlobalSection
	GlobalSection(SolutionProperties) = preSolution
		HideSolutionNode = FALSE
	EndGlobalSection
	GlobalSection(ExtensibilityGlobals) = postSolution
		SolutionGuid = {5C1B2254-CE30-406C-A1B3-4AF6E3DA799F}
	EndGlobalSection
EndGlobal
